// !$*UTF8*$!
{
	archiveVersion = 1;
	classes = {
	};
	objectVersion = 55;
	objects = {

/* Begin PBXBuildFile section */
		CE4017F32771D26D0060444E /* Task.swift in Sources */ = {isa = PBXBuildFile; fileRef = CE4017F22771D26D0060444E /* Task.swift */; };
		CE4017F62771D2E80060444E /* SplashScreenPresenter.swift in Sources */ = {isa = PBXBuildFile; fileRef = CE4017F52771D2E80060444E /* SplashScreenPresenter.swift */; };
		CE4017F82771D5DF0060444E /* SplashScreenViewController.swift in Sources */ = {isa = PBXBuildFile; fileRef = CE4017F72771D5DF0060444E /* SplashScreenViewController.swift */; };
		CE83CFF52772035B0053FA13 /* SplashScreenProtocols.swift in Sources */ = {isa = PBXBuildFile; fileRef = CE83CFF42772035B0053FA13 /* SplashScreenProtocols.swift */; };
		CE83CFF72772044F0053FA13 /* ModuleBuilder.swift in Sources */ = {isa = PBXBuildFile; fileRef = CE83CFF62772044F0053FA13 /* ModuleBuilder.swift */; };
		CE8E50B12760FDC00024F187 /* AppDelegate.swift in Sources */ = {isa = PBXBuildFile; fileRef = CE8E50B02760FDC00024F187 /* AppDelegate.swift */; };
		CE8E50B32760FDC00024F187 /* SceneDelegate.swift in Sources */ = {isa = PBXBuildFile; fileRef = CE8E50B22760FDC00024F187 /* SceneDelegate.swift */; };
		CE8E50B52760FDC00024F187 /* ViewController.swift in Sources */ = {isa = PBXBuildFile; fileRef = CE8E50B42760FDC00024F187 /* ViewController.swift */; };
		CE8E50BB2760FDC00024F187 /* TaskTracker.xcdatamodeld in Sources */ = {isa = PBXBuildFile; fileRef = CE8E50B92760FDC00024F187 /* TaskTracker.xcdatamodeld */; };
		CE8E50BD2760FDC20024F187 /* Assets.xcassets in Resources */ = {isa = PBXBuildFile; fileRef = CE8E50BC2760FDC20024F187 /* Assets.xcassets */; };
		CE8E50C02760FDC20024F187 /* LaunchScreen.storyboard in Resources */ = {isa = PBXBuildFile; fileRef = CE8E50BE2760FDC20024F187 /* LaunchScreen.storyboard */; };
		CE8E50CB2760FDC20024F187 /* TaskTrackerTests.swift in Sources */ = {isa = PBXBuildFile; fileRef = CE8E50CA2760FDC20024F187 /* TaskTrackerTests.swift */; };
		CE8E50D52760FDC20024F187 /* TaskTrackerUITests.swift in Sources */ = {isa = PBXBuildFile; fileRef = CE8E50D42760FDC20024F187 /* TaskTrackerUITests.swift */; };
		CE8E50D72760FDC20024F187 /* TaskTrackerUITestsLaunchTests.swift in Sources */ = {isa = PBXBuildFile; fileRef = CE8E50D62760FDC20024F187 /* TaskTrackerUITestsLaunchTests.swift */; };
		CE8E50E427614D750024F187 /* SecondViewController.swift in Sources */ = {isa = PBXBuildFile; fileRef = CE8E50E327614D750024F187 /* SecondViewController.swift */; };
/* End PBXBuildFile section */

/* Begin PBXContainerItemProxy section */
		CE8E50C72760FDC20024F187 /* PBXContainerItemProxy */ = {
			isa = PBXContainerItemProxy;
			containerPortal = CE8E50A52760FDC00024F187 /* Project object */;
			proxyType = 1;
			remoteGlobalIDString = CE8E50AC2760FDC00024F187;
			remoteInfo = TaskTracker;
		};
		CE8E50D12760FDC20024F187 /* PBXContainerItemProxy */ = {
			isa = PBXContainerItemProxy;
			containerPortal = CE8E50A52760FDC00024F187 /* Project object */;
			proxyType = 1;
			remoteGlobalIDString = CE8E50AC2760FDC00024F187;
			remoteInfo = TaskTracker;
		};
/* End PBXContainerItemProxy section */

/* Begin PBXFileReference section */
		CE4017F22771D26D0060444E /* Task.swift */ = {isa = PBXFileReference; lastKnownFileType = sourcecode.swift; path = Task.swift; sourceTree = "<group>"; };
		CE4017F52771D2E80060444E /* SplashScreenPresenter.swift */ = {isa = PBXFileReference; lastKnownFileType = sourcecode.swift; path = SplashScreenPresenter.swift; sourceTree = "<group>"; };
		CE4017F72771D5DF0060444E /* SplashScreenViewController.swift */ = {isa = PBXFileReference; lastKnownFileType = sourcecode.swift; path = SplashScreenViewController.swift; sourceTree = "<group>"; };
		CE83CFF42772035B0053FA13 /* SplashScreenProtocols.swift */ = {isa = PBXFileReference; lastKnownFileType = sourcecode.swift; path = SplashScreenProtocols.swift; sourceTree = "<group>"; };
		CE83CFF62772044F0053FA13 /* ModuleBuilder.swift */ = {isa = PBXFileReference; lastKnownFileType = sourcecode.swift; path = ModuleBuilder.swift; sourceTree = "<group>"; };
		CE8E50AD2760FDC00024F187 /* TaskTracker.app */ = {isa = PBXFileReference; explicitFileType = wrapper.application; includeInIndex = 0; path = TaskTracker.app; sourceTree = BUILT_PRODUCTS_DIR; };
		CE8E50B02760FDC00024F187 /* AppDelegate.swift */ = {isa = PBXFileReference; lastKnownFileType = sourcecode.swift; path = AppDelegate.swift; sourceTree = "<group>"; };
		CE8E50B22760FDC00024F187 /* SceneDelegate.swift */ = {isa = PBXFileReference; lastKnownFileType = sourcecode.swift; path = SceneDelegate.swift; sourceTree = "<group>"; };
		CE8E50B42760FDC00024F187 /* ViewController.swift */ = {isa = PBXFileReference; lastKnownFileType = sourcecode.swift; path = ViewController.swift; sourceTree = "<group>"; };
		CE8E50BA2760FDC00024F187 /* TaskTracker.xcdatamodel */ = {isa = PBXFileReference; lastKnownFileType = wrapper.xcdatamodel; path = TaskTracker.xcdatamodel; sourceTree = "<group>"; };
		CE8E50BC2760FDC20024F187 /* Assets.xcassets */ = {isa = PBXFileReference; lastKnownFileType = folder.assetcatalog; path = Assets.xcassets; sourceTree = "<group>"; };
		CE8E50BF2760FDC20024F187 /* Base */ = {isa = PBXFileReference; lastKnownFileType = file.storyboard; name = Base; path = Base.lproj/LaunchScreen.storyboard; sourceTree = "<group>"; };
		CE8E50C12760FDC20024F187 /* Info.plist */ = {isa = PBXFileReference; lastKnownFileType = text.plist.xml; path = Info.plist; sourceTree = "<group>"; };
		CE8E50C62760FDC20024F187 /* TaskTrackerTests.xctest */ = {isa = PBXFileReference; explicitFileType = wrapper.cfbundle; includeInIndex = 0; path = TaskTrackerTests.xctest; sourceTree = BUILT_PRODUCTS_DIR; };
		CE8E50CA2760FDC20024F187 /* TaskTrackerTests.swift */ = {isa = PBXFileReference; lastKnownFileType = sourcecode.swift; path = TaskTrackerTests.swift; sourceTree = "<group>"; };
		CE8E50D02760FDC20024F187 /* TaskTrackerUITests.xctest */ = {isa = PBXFileReference; explicitFileType = wrapper.cfbundle; includeInIndex = 0; path = TaskTrackerUITests.xctest; sourceTree = BUILT_PRODUCTS_DIR; };
		CE8E50D42760FDC20024F187 /* TaskTrackerUITests.swift */ = {isa = PBXFileReference; lastKnownFileType = sourcecode.swift; path = TaskTrackerUITests.swift; sourceTree = "<group>"; };
		CE8E50D62760FDC20024F187 /* TaskTrackerUITestsLaunchTests.swift */ = {isa = PBXFileReference; lastKnownFileType = sourcecode.swift; path = TaskTrackerUITestsLaunchTests.swift; sourceTree = "<group>"; };
		CE8E50E327614D750024F187 /* SecondViewController.swift */ = {isa = PBXFileReference; lastKnownFileType = sourcecode.swift; path = SecondViewController.swift; sourceTree = "<group>"; };
/* End PBXFileReference section */

/* Begin PBXFrameworksBuildPhase section */
		CE8E50AA2760FDC00024F187 /* Frameworks */ = {
			isa = PBXFrameworksBuildPhase;
			buildActionMask = 2147483647;
			files = (
			);
			runOnlyForDeploymentPostprocessing = 0;
		};
		CE8E50C32760FDC20024F187 /* Frameworks */ = {
			isa = PBXFrameworksBuildPhase;
			buildActionMask = 2147483647;
			files = (
			);
			runOnlyForDeploymentPostprocessing = 0;
		};
		CE8E50CD2760FDC20024F187 /* Frameworks */ = {
			isa = PBXFrameworksBuildPhase;
			buildActionMask = 2147483647;
			files = (
			);
			runOnlyForDeploymentPostprocessing = 0;
		};
/* End PBXFrameworksBuildPhase section */

/* Begin PBXGroup section */
		CE4017F12771D25B0060444E /* Model */ = {
			isa = PBXGroup;
			children = (
				CE4017F22771D26D0060444E /* Task.swift */,
			);
			path = Model;
			sourceTree = "<group>";
		};
		CE4017F42771D2B40060444E /* SplashScreen */ = {
			isa = PBXGroup;
			children = (
				CE4017F52771D2E80060444E /* SplashScreenPresenter.swift */,
				CE4017F72771D5DF0060444E /* SplashScreenViewController.swift */,
				CE83CFF42772035B0053FA13 /* SplashScreenProtocols.swift */,
			);
			path = SplashScreen;
			sourceTree = "<group>";
		};
		CE8E50A42760FDC00024F187 = {
			isa = PBXGroup;
			children = (
				CE8E50AF2760FDC00024F187 /* TaskTracker */,
				CE8E50C92760FDC20024F187 /* TaskTrackerTests */,
				CE8E50D32760FDC20024F187 /* TaskTrackerUITests */,
				CE8E50AE2760FDC00024F187 /* Products */,
			);
			sourceTree = "<group>";
		};
		CE8E50AE2760FDC00024F187 /* Products */ = {
			isa = PBXGroup;
			children = (
				CE8E50AD2760FDC00024F187 /* TaskTracker.app */,
				CE8E50C62760FDC20024F187 /* TaskTrackerTests.xctest */,
				CE8E50D02760FDC20024F187 /* TaskTrackerUITests.xctest */,
			);
			name = Products;
			sourceTree = "<group>";
		};
		CE8E50AF2760FDC00024F187 /* TaskTracker */ = {
			isa = PBXGroup;
			children = (
				CE83CFF62772044F0053FA13 /* ModuleBuilder.swift */,
				CE4017F12771D25B0060444E /* Model */,
				CE4017F42771D2B40060444E /* SplashScreen */,
				CE8E50B02760FDC00024F187 /* AppDelegate.swift */,
				CE8E50B22760FDC00024F187 /* SceneDelegate.swift */,
				CE8E50E327614D750024F187 /* SecondViewController.swift */,
				CE8E50B42760FDC00024F187 /* ViewController.swift */,
				CE8E50BC2760FDC20024F187 /* Assets.xcassets */,
				CE8E50BE2760FDC20024F187 /* LaunchScreen.storyboard */,
				CE8E50C12760FDC20024F187 /* Info.plist */,
				CE8E50B92760FDC00024F187 /* TaskTracker.xcdatamodeld */,
			);
			path = TaskTracker;
			sourceTree = "<group>";
		};
		CE8E50C92760FDC20024F187 /* TaskTrackerTests */ = {
			isa = PBXGroup;
			children = (
				CE8E50CA2760FDC20024F187 /* TaskTrackerTests.swift */,
			);
			path = TaskTrackerTests;
			sourceTree = "<group>";
		};
		CE8E50D32760FDC20024F187 /* TaskTrackerUITests */ = {
			isa = PBXGroup;
			children = (
				CE8E50D42760FDC20024F187 /* TaskTrackerUITests.swift */,
				CE8E50D62760FDC20024F187 /* TaskTrackerUITestsLaunchTests.swift */,
			);
			path = TaskTrackerUITests;
			sourceTree = "<group>";
		};
/* End PBXGroup section */

/* Begin PBXNativeTarget section */
		CE8E50AC2760FDC00024F187 /* TaskTracker */ = {
			isa = PBXNativeTarget;
			buildConfigurationList = CE8E50DA2760FDC20024F187 /* Build configuration list for PBXNativeTarget "TaskTracker" */;
			buildPhases = (
				CE8E50A92760FDC00024F187 /* Sources */,
				CE8E50AA2760FDC00024F187 /* Frameworks */,
				CE8E50AB2760FDC00024F187 /* Resources */,
			);
			buildRules = (
			);
			dependencies = (
			);
			name = TaskTracker;
			productName = TaskTracker;
			productReference = CE8E50AD2760FDC00024F187 /* TaskTracker.app */;
			productType = "com.apple.product-type.application";
		};
		CE8E50C52760FDC20024F187 /* TaskTrackerTests */ = {
			isa = PBXNativeTarget;
			buildConfigurationList = CE8E50DD2760FDC20024F187 /* Build configuration list for PBXNativeTarget "TaskTrackerTests" */;
			buildPhases = (
				CE8E50C22760FDC20024F187 /* Sources */,
				CE8E50C32760FDC20024F187 /* Frameworks */,
				CE8E50C42760FDC20024F187 /* Resources */,
			);
			buildRules = (
			);
			dependencies = (
				CE8E50C82760FDC20024F187 /* PBXTargetDependency */,
			);
			name = TaskTrackerTests;
			productName = TaskTrackerTests;
			productReference = CE8E50C62760FDC20024F187 /* TaskTrackerTests.xctest */;
			productType = "com.apple.product-type.bundle.unit-test";
		};
		CE8E50CF2760FDC20024F187 /* TaskTrackerUITests */ = {
			isa = PBXNativeTarget;
			buildConfigurationList = CE8E50E02760FDC20024F187 /* Build configuration list for PBXNativeTarget "TaskTrackerUITests" */;
			buildPhases = (
				CE8E50CC2760FDC20024F187 /* Sources */,
				CE8E50CD2760FDC20024F187 /* Frameworks */,
				CE8E50CE2760FDC20024F187 /* Resources */,
			);
			buildRules = (
			);
			dependencies = (
				CE8E50D22760FDC20024F187 /* PBXTargetDependency */,
			);
			name = TaskTrackerUITests;
			productName = TaskTrackerUITests;
			productReference = CE8E50D02760FDC20024F187 /* TaskTrackerUITests.xctest */;
			productType = "com.apple.product-type.bundle.ui-testing";
		};
/* End PBXNativeTarget section */

/* Begin PBXProject section */
		CE8E50A52760FDC00024F187 /* Project object */ = {
			isa = PBXProject;
			attributes = {
				BuildIndependentTargetsInParallel = 1;
				LastSwiftUpdateCheck = 1310;
				LastUpgradeCheck = 1310;
				TargetAttributes = {
					CE8E50AC2760FDC00024F187 = {
						CreatedOnToolsVersion = 13.1;
					};
					CE8E50C52760FDC20024F187 = {
						CreatedOnToolsVersion = 13.1;
						TestTargetID = CE8E50AC2760FDC00024F187;
					};
					CE8E50CF2760FDC20024F187 = {
						CreatedOnToolsVersion = 13.1;
						TestTargetID = CE8E50AC2760FDC00024F187;
					};
				};
			};
			buildConfigurationList = CE8E50A82760FDC00024F187 /* Build configuration list for PBXProject "TaskTracker" */;
			compatibilityVersion = "Xcode 13.0";
			developmentRegion = en;
			hasScannedForEncodings = 0;
			knownRegions = (
				en,
				Base,
			);
			mainGroup = CE8E50A42760FDC00024F187;
			productRefGroup = CE8E50AE2760FDC00024F187 /* Products */;
			projectDirPath = "";
			projectRoot = "";
			targets = (
				CE8E50AC2760FDC00024F187 /* TaskTracker */,
				CE8E50C52760FDC20024F187 /* TaskTrackerTests */,
				CE8E50CF2760FDC20024F187 /* TaskTrackerUITests */,
			);
		};
/* End PBXProject section */

/* Begin PBXResourcesBuildPhase section */
		CE8E50AB2760FDC00024F187 /* Resources */ = {
			isa = PBXResourcesBuildPhase;
			buildActionMask = 2147483647;
			files = (
				CE8E50C02760FDC20024F187 /* LaunchScreen.storyboard in Resources */,
				CE8E50BD2760FDC20024F187 /* Assets.xcassets in Resources */,
			);
			runOnlyForDeploymentPostprocessing = 0;
		};
		CE8E50C42760FDC20024F187 /* Resources */ = {
			isa = PBXResourcesBuildPhase;
			buildActionMask = 2147483647;
			files = (
			);
			runOnlyForDeploymentPostprocessing = 0;
		};
		CE8E50CE2760FDC20024F187 /* Resources */ = {
			isa = PBXResourcesBuildPhase;
			buildActionMask = 2147483647;
			files = (
			);
			runOnlyForDeploymentPostprocessing = 0;
		};
/* End PBXResourcesBuildPhase section */

/* Begin PBXSourcesBuildPhase section */
		CE8E50A92760FDC00024F187 /* Sources */ = {
			isa = PBXSourcesBuildPhase;
			buildActionMask = 2147483647;
			files = (
				CE8E50B52760FDC00024F187 /* ViewController.swift in Sources */,
				CE4017F62771D2E80060444E /* SplashScreenPresenter.swift in Sources */,
				CE4017F82771D5DF0060444E /* SplashScreenViewController.swift in Sources */,
				CE83CFF72772044F0053FA13 /* ModuleBuilder.swift in Sources */,
				CE8E50B12760FDC00024F187 /* AppDelegate.swift in Sources */,
				CE8E50B32760FDC00024F187 /* SceneDelegate.swift in Sources */,
				CE83CFF52772035B0053FA13 /* SplashScreenProtocols.swift in Sources */,
				CE8E50E427614D750024F187 /* SecondViewController.swift in Sources */,
				CE4017F32771D26D0060444E /* Task.swift in Sources */,
				CE8E50BB2760FDC00024F187 /* TaskTracker.xcdatamodeld in Sources */,
			);
			runOnlyForDeploymentPostprocessing = 0;
		};
		CE8E50C22760FDC20024F187 /* Sources */ = {
			isa = PBXSourcesBuildPhase;
			buildActionMask = 2147483647;
			files = (
				CE8E50CB2760FDC20024F187 /* TaskTrackerTests.swift in Sources */,
			);
			runOnlyForDeploymentPostprocessing = 0;
		};
		CE8E50CC2760FDC20024F187 /* Sources */ = {
			isa = PBXSourcesBuildPhase;
			buildActionMask = 2147483647;
			files = (
				CE8E50D72760FDC20024F187 /* TaskTrackerUITestsLaunchTests.swift in Sources */,
				CE8E50D52760FDC20024F187 /* TaskTrackerUITests.swift in Sources */,
			);
			runOnlyForDeploymentPostprocessing = 0;
		};
/* End PBXSourcesBuildPhase section */

/* Begin PBXTargetDependency section */
		CE8E50C82760FDC20024F187 /* PBXTargetDependency */ = {
			isa = PBXTargetDependency;
			target = CE8E50AC2760FDC00024F187 /* TaskTracker */;
			targetProxy = CE8E50C72760FDC20024F187 /* PBXContainerItemProxy */;
		};
		CE8E50D22760FDC20024F187 /* PBXTargetDependency */ = {
			isa = PBXTargetDependency;
			target = CE8E50AC2760FDC00024F187 /* TaskTracker */;
			targetProxy = CE8E50D12760FDC20024F187 /* PBXContainerItemProxy */;
		};
/* End PBXTargetDependency section */

/* Begin PBXVariantGroup section */
		CE8E50BE2760FDC20024F187 /* LaunchScreen.storyboard */ = {
			isa = PBXVariantGroup;
			children = (
				CE8E50BF2760FDC20024F187 /* Base */,
			);
			name = LaunchScreen.storyboard;
			sourceTree = "<group>";
		};
/* End PBXVariantGroup section */

/* Begin XCBuildConfiguration section */
		CE8E50D82760FDC20024F187 /* Debug */ = {
			isa = XCBuildConfiguration;
			buildSettings = {
				ALWAYS_SEARCH_USER_PATHS = NO;
				CLANG_ANALYZER_NONNULL = YES;
				CLANG_ANALYZER_NUMBER_OBJECT_CONVERSION = YES_AGGRESSIVE;
				CLANG_CXX_LANGUAGE_STANDARD = "gnu++17";
				CLANG_CXX_LIBRARY = "libc++";
				CLANG_ENABLE_MODULES = YES;
				CLANG_ENABLE_OBJC_ARC = YES;
				CLANG_ENABLE_OBJC_WEAK = YES;
				CLANG_WARN_BLOCK_CAPTURE_AUTORELEASING = YES;
				CLANG_WARN_BOOL_CONVERSION = YES;
				CLANG_WARN_COMMA = YES;
				CLANG_WARN_CONSTANT_CONVERSION = YES;
				CLANG_WARN_DEPRECATED_OBJC_IMPLEMENTATIONS = YES;
				CLANG_WARN_DIRECT_OBJC_ISA_USAGE = YES_ERROR;
				CLANG_WARN_DOCUMENTATION_COMMENTS = YES;
				CLANG_WARN_EMPTY_BODY = YES;
				CLANG_WARN_ENUM_CONVERSION = YES;
				CLANG_WARN_INFINITE_RECURSION = YES;
				CLANG_WARN_INT_CONVERSION = YES;
				CLANG_WARN_NON_LITERAL_NULL_CONVERSION = YES;
				CLANG_WARN_OBJC_IMPLICIT_RETAIN_SELF = YES;
				CLANG_WARN_OBJC_LITERAL_CONVERSION = YES;
				CLANG_WARN_OBJC_ROOT_CLASS = YES_ERROR;
				CLANG_WARN_QUOTED_INCLUDE_IN_FRAMEWORK_HEADER = YES;
				CLANG_WARN_RANGE_LOOP_ANALYSIS = YES;
				CLANG_WARN_STRICT_PROTOTYPES = YES;
				CLANG_WARN_SUSPICIOUS_MOVE = YES;
				CLANG_WARN_UNGUARDED_AVAILABILITY = YES_AGGRESSIVE;
				CLANG_WARN_UNREACHABLE_CODE = YES;
				CLANG_WARN__DUPLICATE_METHOD_MATCH = YES;
				COPY_PHASE_STRIP = NO;
				DEBUG_INFORMATION_FORMAT = dwarf;
				ENABLE_STRICT_OBJC_MSGSEND = YES;
				ENABLE_TESTABILITY = YES;
				GCC_C_LANGUAGE_STANDARD = gnu11;
				GCC_DYNAMIC_NO_PIC = NO;
				GCC_NO_COMMON_BLOCKS = YES;
				GCC_OPTIMIZATION_LEVEL = 0;
				GCC_PREPROCESSOR_DEFINITIONS = (
					"DEBUG=1",
					"$(inherited)",
				);
				GCC_WARN_64_TO_32_BIT_CONVERSION = YES;
				GCC_WARN_ABOUT_RETURN_TYPE = YES_ERROR;
				GCC_WARN_UNDECLARED_SELECTOR = YES;
				GCC_WARN_UNINITIALIZED_AUTOS = YES_AGGRESSIVE;
				GCC_WARN_UNUSED_FUNCTION = YES;
				GCC_WARN_UNUSED_VARIABLE = YES;
				IPHONEOS_DEPLOYMENT_TARGET = 13.0;
				MTL_ENABLE_DEBUG_INFO = INCLUDE_SOURCE;
				MTL_FAST_MATH = YES;
				ONLY_ACTIVE_ARCH = YES;
				SDKROOT = iphoneos;
				SWIFT_ACTIVE_COMPILATION_CONDITIONS = DEBUG;
				SWIFT_OPTIMIZATION_LEVEL = "-Onone";
			};
			name = Debug;
		};
		CE8E50D92760FDC20024F187 /* Release */ = {
			isa = XCBuildConfiguration;
			buildSettings = {
				ALWAYS_SEARCH_USER_PATHS = NO;
				CLANG_ANALYZER_NONNULL = YES;
				CLANG_ANALYZER_NUMBER_OBJECT_CONVERSION = YES_AGGRESSIVE;
				CLANG_CXX_LANGUAGE_STANDARD = "gnu++17";
				CLANG_CXX_LIBRARY = "libc++";
				CLANG_ENABLE_MODULES = YES;
				CLANG_ENABLE_OBJC_ARC = YES;
				CLANG_ENABLE_OBJC_WEAK = YES;
				CLANG_WARN_BLOCK_CAPTURE_AUTORELEASING = YES;
				CLANG_WARN_BOOL_CONVERSION = YES;
				CLANG_WARN_COMMA = YES;
				CLANG_WARN_CONSTANT_CONVERSION = YES;
				CLANG_WARN_DEPRECATED_OBJC_IMPLEMENTATIONS = YES;
				CLANG_WARN_DIRECT_OBJC_ISA_USAGE = YES_ERROR;
				CLANG_WARN_DOCUMENTATION_COMMENTS = YES;
				CLANG_WARN_EMPTY_BODY = YES;
				CLANG_WARN_ENUM_CONVERSION = YES;
				CLANG_WARN_INFINITE_RECURSION = YES;
				CLANG_WARN_INT_CONVERSION = YES;
				CLANG_WARN_NON_LITERAL_NULL_CONVERSION = YES;
				CLANG_WARN_OBJC_IMPLICIT_RETAIN_SELF = YES;
				CLANG_WARN_OBJC_LITERAL_CONVERSION = YES;
				CLANG_WARN_OBJC_ROOT_CLASS = YES_ERROR;
				CLANG_WARN_QUOTED_INCLUDE_IN_FRAMEWORK_HEADER = YES;
				CLANG_WARN_RANGE_LOOP_ANALYSIS = YES;
				CLANG_WARN_STRICT_PROTOTYPES = YES;
				CLANG_WARN_SUSPICIOUS_MOVE = YES;
				CLANG_WARN_UNGUARDED_AVAILABILITY = YES_AGGRESSIVE;
				CLANG_WARN_UNREACHABLE_CODE = YES;
				CLANG_WARN__DUPLICATE_METHOD_MATCH = YES;
				COPY_PHASE_STRIP = NO;
				DEBUG_INFORMATION_FORMAT = "dwarf-with-dsym";
				ENABLE_NS_ASSERTIONS = NO;
				ENABLE_STRICT_OBJC_MSGSEND = YES;
				GCC_C_LANGUAGE_STANDARD = gnu11;
				GCC_NO_COMMON_BLOCKS = YES;
				GCC_WARN_64_TO_32_BIT_CONVERSION = YES;
				GCC_WARN_ABOUT_RETURN_TYPE = YES_ERROR;
				GCC_WARN_UNDECLARED_SELECTOR = YES;
				GCC_WARN_UNINITIALIZED_AUTOS = YES_AGGRESSIVE;
				GCC_WARN_UNUSED_FUNCTION = YES;
				GCC_WARN_UNUSED_VARIABLE = YES;
				IPHONEOS_DEPLOYMENT_TARGET = 13.0;
				MTL_ENABLE_DEBUG_INFO = NO;
				MTL_FAST_MATH = YES;
				SDKROOT = iphoneos;
				SWIFT_COMPILATION_MODE = wholemodule;
				SWIFT_OPTIMIZATION_LEVEL = "-O";
				VALIDATE_PRODUCT = YES;
			};
			name = Release;
		};
		CE8E50DB2760FDC20024F187 /* Debug */ = {
			isa = XCBuildConfiguration;
			buildSettings = {
				ASSETCATALOG_COMPILER_APPICON_NAME = AppIcon;
				ASSETCATALOG_COMPILER_GLOBAL_ACCENT_COLOR_NAME = AccentColor;
				CODE_SIGN_STYLE = Automatic;
				CURRENT_PROJECT_VERSION = 1;
				DEVELOPMENT_TEAM = 49TBZGH46S;
				GENERATE_INFOPLIST_FILE = YES;
				INFOPLIST_FILE = TaskTracker/Info.plist;
				INFOPLIST_KEY_UIApplicationSupportsIndirectInputEvents = YES;
				INFOPLIST_KEY_UILaunchStoryboardName = LaunchScreen;
				INFOPLIST_KEY_UISupportedInterfaceOrientations = UIInterfaceOrientationPortrait;
				INFOPLIST_KEY_UISupportedInterfaceOrientations_iPad = "UIInterfaceOrientationPortrait UIInterfaceOrientationPortraitUpsideDown UIInterfaceOrientationLandscapeLeft UIInterfaceOrientationLandscapeRight";
				INFOPLIST_KEY_UISupportedInterfaceOrientations_iPhone = "UIInterfaceOrientationPortrait UIInterfaceOrientationLandscapeLeft UIInterfaceOrientationLandscapeRight";
				IPHONEOS_DEPLOYMENT_TARGET = 13.0;
				LD_RUNPATH_SEARCH_PATHS = (
					"$(inherited)",
					"@executable_path/Frameworks",
				);
				MARKETING_VERSION = 1.0;
				PRODUCT_BUNDLE_IDENTIFIER = AndreyTsurka.TaskTracker;
				PRODUCT_NAME = "$(TARGET_NAME)";
				SWIFT_EMIT_LOC_STRINGS = YES;
				SWIFT_VERSION = 5.0;
				TARGETED_DEVICE_FAMILY = 1;
			};
			name = Debug;
		};
		CE8E50DC2760FDC20024F187 /* Release */ = {
			isa = XCBuildConfiguration;
			buildSettings = {
				ASSETCATALOG_COMPILER_APPICON_NAME = AppIcon;
				ASSETCATALOG_COMPILER_GLOBAL_ACCENT_COLOR_NAME = AccentColor;
				CODE_SIGN_STYLE = Automatic;
				CURRENT_PROJECT_VERSION = 1;
				DEVELOPMENT_TEAM = 49TBZGH46S;
				GENERATE_INFOPLIST_FILE = YES;
				INFOPLIST_FILE = TaskTracker/Info.plist;
				INFOPLIST_KEY_UIApplicationSupportsIndirectInputEvents = YES;
				INFOPLIST_KEY_UILaunchStoryboardName = LaunchScreen;
				INFOPLIST_KEY_UISupportedInterfaceOrientations = UIInterfaceOrientationPortrait;
				INFOPLIST_KEY_UISupportedInterfaceOrientations_iPad = "UIInterfaceOrientationPortrait UIInterfaceOrientationPortraitUpsideDown UIInterfaceOrientationLandscapeLeft UIInterfaceOrientationLandscapeRight";
				INFOPLIST_KEY_UISupportedInterfaceOrientations_iPhone = "UIInterfaceOrientationPortrait UIInterfaceOrientationLandscapeLeft UIInterfaceOrientationLandscapeRight";
				IPHONEOS_DEPLOYMENT_TARGET = 13.0;
				LD_RUNPATH_SEARCH_PATHS = (
					"$(inherited)",
					"@executable_path/Frameworks",
				);
				MARKETING_VERSION = 1.0;
				PRODUCT_BUNDLE_IDENTIFIER = AndreyTsurka.TaskTracker;
				PRODUCT_NAME = "$(TARGET_NAME)";
				SWIFT_EMIT_LOC_STRINGS = YES;
				SWIFT_VERSION = 5.0;
				TARGETED_DEVICE_FAMILY = 1;
			};
			name = Release;
		};
		CE8E50DE2760FDC20024F187 /* Debug */ = {
			isa = XCBuildConfiguration;
			buildSettings = {
				ALWAYS_EMBED_SWIFT_STANDARD_LIBRARIES = YES;
				BUNDLE_LOADER = "$(TEST_HOST)";
				CODE_SIGN_STYLE = Automatic;
				CURRENT_PROJECT_VERSION = 1;
				DEVELOPMENT_TEAM = 49TBZGH46S;
				GENERATE_INFOPLIST_FILE = YES;
				IPHONEOS_DEPLOYMENT_TARGET = 15.0;
				LD_RUNPATH_SEARCH_PATHS = (
					"$(inherited)",
					"@executable_path/Frameworks",
					"@loader_path/Frameworks",
				);
				MARKETING_VERSION = 1.0;
				PRODUCT_BUNDLE_IDENTIFIER = AndreyTsurka.TaskTrackerTests;
				PRODUCT_NAME = "$(TARGET_NAME)";
				SWIFT_EMIT_LOC_STRINGS = NO;
				SWIFT_VERSION = 5.0;
				TARGETED_DEVICE_FAMILY = "1,2";
				TEST_HOST = "$(BUILT_PRODUCTS_DIR)/TaskTracker.app/TaskTracker";
			};
			name = Debug;
		};
		CE8E50DF2760FDC20024F187 /* Release */ = {
			isa = XCBuildConfiguration;
			buildSettings = {
				ALWAYS_EMBED_SWIFT_STANDARD_LIBRARIES = YES;
				BUNDLE_LOADER = "$(TEST_HOST)";
				CODE_SIGN_STYLE = Automatic;
				CURRENT_PROJECT_VERSION = 1;
				DEVELOPMENT_TEAM = 49TBZGH46S;
				GENERATE_INFOPLIST_FILE = YES;
				IPHONEOS_DEPLOYMENT_TARGET = 15.0;
				LD_RUNPATH_SEARCH_PATHS = (
					"$(inherited)",
					"@executable_path/Frameworks",
					"@loader_path/Frameworks",
				);
				MARKETING_VERSION = 1.0;
				PRODUCT_BUNDLE_IDENTIFIER = AndreyTsurka.TaskTrackerTests;
				PRODUCT_NAME = "$(TARGET_NAME)";
				SWIFT_EMIT_LOC_STRINGS = NO;
				SWIFT_VERSION = 5.0;
				TARGETED_DEVICE_FAMILY = "1,2";
				TEST_HOST = "$(BUILT_PRODUCTS_DIR)/TaskTracker.app/TaskTracker";
			};
			name = Release;
		};
		CE8E50E12760FDC20024F187 /* Debug */ = {
			isa = XCBuildConfiguration;
			buildSettings = {
				ALWAYS_EMBED_SWIFT_STANDARD_LIBRARIES = YES;
				CODE_SIGN_STYLE = Automatic;
				CURRENT_PROJECT_VERSION = 1;
				DEVELOPMENT_TEAM = 49TBZGH46S;
				GENERATE_INFOPLIST_FILE = YES;
				LD_RUNPATH_SEARCH_PATHS = (
					"$(inherited)",
					"@executable_path/Frameworks",
					"@loader_path/Frameworks",
				);
				MARKETING_VERSION = 1.0;
				PRODUCT_BUNDLE_IDENTIFIER = AndreyTsurka.TaskTrackerUITests;
				PRODUCT_NAME = "$(TARGET_NAME)";
				SWIFT_EMIT_LOC_STRINGS = NO;
				SWIFT_VERSION = 5.0;
				TARGETED_DEVICE_FAMILY = "1,2";
				TEST_TARGET_NAME = TaskTracker;
			};
			name = Debug;
		};
		CE8E50E22760FDC20024F187 /* Release */ = {
			isa = XCBuildConfiguration;
			buildSettings = {
				ALWAYS_EMBED_SWIFT_STANDARD_LIBRARIES = YES;
				CODE_SIGN_STYLE = Automatic;
				CURRENT_PROJECT_VERSION = 1;
				DEVELOPMENT_TEAM = 49TBZGH46S;
				GENERATE_INFOPLIST_FILE = YES;
				LD_RUNPATH_SEARCH_PATHS = (
					"$(inherited)",
					"@executable_path/Frameworks",
					"@loader_path/Frameworks",
				);
				MARKETING_VERSION = 1.0;
				PRODUCT_BUNDLE_IDENTIFIER = AndreyTsurka.TaskTrackerUITests;
				PRODUCT_NAME = "$(TARGET_NAME)";
				SWIFT_EMIT_LOC_STRINGS = NO;
				SWIFT_VERSION = 5.0;
				TARGETED_DEVICE_FAMILY = "1,2";
				TEST_TARGET_NAME = TaskTracker;
			};
			name = Release;
		};
/* End XCBuildConfiguration section */

/* Begin XCConfigurationList section */
		CE8E50A82760FDC00024F187 /* Build configuration list for PBXProject "TaskTracker" */ = {
			isa = XCConfigurationList;
			buildConfigurations = (
				CE8E50D82760FDC20024F187 /* Debug */,
				CE8E50D92760FDC20024F187 /* Release */,
			);
			defaultConfigurationIsVisible = 0;
			defaultConfigurationName = Release;
		};
		CE8E50DA2760FDC20024F187 /* Build configuration list for PBXNativeTarget "TaskTracker" */ = {
			isa = XCConfigurationList;
			buildConfigurations = (
				CE8E50DB2760FDC20024F187 /* Debug */,
				CE8E50DC2760FDC20024F187 /* Release */,
			);
			defaultConfigurationIsVisible = 0;
			defaultConfigurationName = Release;
		};
		CE8E50DD2760FDC20024F187 /* Build configuration list for PBXNativeTarget "TaskTrackerTests" */ = {
			isa = XCConfigurationList;
			buildConfigurations = (
				CE8E50DE2760FDC20024F187 /* Debug */,
				CE8E50DF2760FDC20024F187 /* Release */,
			);
			defaultConfigurationIsVisible = 0;
			defaultConfigurationName = Release;
		};
		CE8E50E02760FDC20024F187 /* Build configuration list for PBXNativeTarget "TaskTrackerUITests" */ = {
			isa = XCConfigurationList;
			buildConfigurations = (
				CE8E50E12760FDC20024F187 /* Debug */,
				CE8E50E22760FDC20024F187 /* Release */,
			);
			defaultConfigurationIsVisible = 0;
			defaultConfigurationName = Release;
		};
/* End XCConfigurationList section */

/* Begin XCVersionGroup section */
		CE8E50B92760FDC00024F187 /* TaskTracker.xcdatamodeld */ = {
			isa = XCVersionGroup;
			children = (
				CE8E50BA2760FDC00024F187 /* TaskTracker.xcdatamodel */,
			);
			currentVersion = CE8E50BA2760FDC00024F187 /* TaskTracker.xcdatamodel */;
			path = TaskTracker.xcdatamodeld;
			sourceTree = "<group>";
			versionGroupType = wrapper.xcdatamodel;
		};
/* End XCVersionGroup section */
	};
	rootObject = CE8E50A52760FDC00024F187 /* Project object */;
}
